{
  "name": "wTesting",
  "version": "0.4.18",
  "lockfileVersion": 1,
  "requires": true,
  "dependencies": {
    "fs-extra": {
      "version": "5.0.0",
      "resolved": "https://registry.npmjs.org/fs-extra/-/fs-extra-5.0.0.tgz",
      "integrity": "sha512-66Pm4RYbjzdyeuqudYqhFiNBbCIuI9kgRqLPSHIlXHidW8NIQtVdkM1yeZ4lXwuhbTETv3EUGMNHAAw6hiundQ==",
      "requires": {
        "graceful-fs": "4.1.11",
        "jsonfile": "4.0.0",
        "universalify": "0.1.1"
      }
    },
    "graceful-fs": {
      "version": "4.1.11",
      "resolved": "https://registry.npmjs.org/graceful-fs/-/graceful-fs-4.1.11.tgz",
      "integrity": "sha1-Dovf5NHduIVNZOBOp8AOKgJuVlg="
    },
    "jsonfile": {
      "version": "4.0.0",
      "resolved": "https://registry.npmjs.org/jsonfile/-/jsonfile-4.0.0.tgz",
      "integrity": "sha1-h3Gq4HmbZAdrdmQPygWPnBDjPss=",
      "requires": {
        "graceful-fs": "4.1.11"
      }
    },
    "underscore": {
      "version": "1.8.3",
      "resolved": "https://registry.npmjs.org/underscore/-/underscore-1.8.3.tgz",
      "integrity": "sha1-Tz+1OxBuYJf8+ctBCfKl6b36UCI="
    },
    "universalify": {
      "version": "0.1.1",
      "resolved": "https://registry.npmjs.org/universalify/-/universalify-0.1.1.tgz",
      "integrity": "sha1-+nG63UQ3r0wUiEHjs7Fl+enlkLc="
    },
    "wColor": {
      "version": "0.3.25",
      "resolved": "https://registry.npmjs.org/wColor/-/wColor-0.3.25.tgz",
      "integrity": "sha512-cocxCEK8BVSKjJq1uvQK/CKbt3P7udn1iz0Oz3WVS0AX/o4Tehuz3s014j8VQeOVUphzmvIxZeNuPu7noYKkwA==",
      "requires": {
        "wTools": "0.7.26"
      }
    },
    "wConsequence": {
      "version": "0.4.5",
      "resolved": "https://registry.npmjs.org/wConsequence/-/wConsequence-0.4.5.tgz",
      "integrity": "sha512-/7VCHdQVB+5TLt0tCva5oyLBpo+EmmyAcrRGuKW/0d1haaq/cm4g97ebZvxYnHy2DGKalhrDJN1nXbs9oDNVgA==",
      "requires": {
        "wCopyable": "0.4.9",
        "wProto": "0.4.9",
        "wTools": "0.7.26"
      }
    },
    "wCopyable": {
      "version": "0.4.9",
      "resolved": "https://registry.npmjs.org/wCopyable/-/wCopyable-0.4.9.tgz",
      "integrity": "sha512-urdxsJ96BP94PlWYYc2/44q/yFnpLVV+T1kGaoyDNaOMzMU8xbWxFMsInR8bmB6PfttByoLpG91Co/+2XCdSYQ==",
      "requires": {
        "wProto": "0.4.9",
        "wTools": "0.7.26",
        "wcloner": "0.3.11"
      }
    },
    "wEventHandler": {
      "version": "0.4.4",
      "resolved": "https://registry.npmjs.org/wEventHandler/-/wEventHandler-0.4.4.tgz",
      "integrity": "sha1-u+0AWm/ARFM/uz8LuXjkWtnt2VU=",
      "requires": {
        "wProto": "0.4.9",
        "wTools": "0.7.26"
      }
    },
    "wFiles": {
      "version": "0.5.46",
      "resolved": "https://registry.npmjs.org/wFiles/-/wFiles-0.5.46.tgz",
      "integrity": "sha512-9I3CVCA0Pdvmm8EsUiZT9Z+EXBEujPdO8+rxrWXGWfAkoXsCr3Ptb9Wcd0/uaEYt6Ml2WSjwkFAtdFSTLIELvQ==",
      "requires": {
        "fs-extra": "5.0.0",
        "wConsequence": "0.4.5",
        "wPath": "0.5.11",
        "wProto": "0.4.9",
        "wRegexpObject": "0.4.23",
        "wTools": "0.7.26",
        "wfieldsstack": "0.3.3"
      }
    },
    "wLogger": {
      "version": "0.5.14",
      "resolved": "https://registry.npmjs.org/wLogger/-/wLogger-0.5.14.tgz",
      "integrity": "sha1-xNTcf8JLxCdLmYJuHXws+VU19iI=",
      "requires": {
        "wColor": "0.3.25",
        "wCopyable": "0.4.9",
        "wFiles": "0.5.46",
        "wTools": "0.7.26"
      }
    },
    "wPath": {
      "version": "0.5.11",
      "resolved": "https://registry.npmjs.org/wPath/-/wPath-0.5.11.tgz",
      "integrity": "sha512-dqPZUQWX2sucvpshxeLl9EZWliD07u61lGS7xo1YtmEjCkggEiSYFjWqPcw7LvPdhUZCWgPYz0351YX1gYbv+w==",
      "requires": {
        "wTools": "0.7.26"
      }
    },
    "wProto": {
      "version": "0.4.9",
      "resolved": "https://registry.npmjs.org/wProto/-/wProto-0.4.9.tgz",
      "integrity": "sha512-SmoOErAv0B0mEbbDa/+qZp9EHpsSlceWjvJiEhKspVsUiGrf9qbQHssQvq9Km252g/2n3JnaYhypnyQ9r5tygw==",
      "requires": {
        "wTools": "0.7.26"
      }
    },
    "wRegexpObject": {
      "version": "0.4.23",
      "resolved": "https://registry.npmjs.org/wRegexpObject/-/wRegexpObject-0.4.23.tgz",
      "integrity": "sha1-Z0uUdM5NmK5kpl1indqK8IZxHJQ=",
      "requires": {
        "wTools": "0.7.26"
      }
    },
    "wTesting": {
      "version": "file:",
      "dev": true,
      "requires": {
        "wConsequence": "0.4.5",
        "wCopyable": "0.4.9",
        "wEventHandler": "0.4.4",
        "wLogger": "0.5.14",
        "wProto": "0.4.9",
        "wTools": "0.7.26",
        "winstancing": "0.3.12"
      }
    },
    "wTools": {
      "version": "0.7.26",
      "resolved": "https://registry.npmjs.org/wTools/-/wTools-0.7.26.tgz",
      "integrity": "sha512-QvO2muHF2IhlPDrJe5JanKlRNCOcmn59ALEQFYj8cAzIWpzY5k5p1kTlBOApTRFhQ+HXk9xTzwwmW2tPChHkBw==",
      "requires": {
        "underscore": "1.8.3"
      }
    },
    "wcloner": {
      "version": "0.3.11",
      "resolved": "https://registry.npmjs.org/wcloner/-/wcloner-0.3.11.tgz",
      "integrity": "sha512-/5QZlvYeoAc1Zsn4rnRT4IZ9l+zQ8Csuc+cGDrpJl4DtzzWBi7o7BX5ITqILNCeoOdZ25hiRw0RW7Won8P9Mow==",
      "requires": {
        "wTools": "0.7.26"
      }
    },
    "wfieldsstack": {
      "version": "0.3.3",
      "resolved": "https://registry.npmjs.org/wfieldsstack/-/wfieldsstack-0.3.3.tgz",
      "integrity": "sha512-Ys+EnCchhS6UqEaNYssoOBfNXifbyagOalP5T0/7hk4FvcdYqPsjFhxrf09sUM1mOCdA+gAIonSHLw5MQ+Cb/A==",
      "requires": {
        "wProto": "0.4.9",
        "wTools": "0.7.26"
      }
    },
    "winstancing": {
      "version": "0.3.12",
      "resolved": "https://registry.npmjs.org/winstancing/-/winstancing-0.3.12.tgz",
      "integrity": "sha1-mOhvrdJDBck1HRQ5JEmqrAuRPp0=",
      "requires": {
        "wCopyable": "0.4.9",
        "wProto": "0.4.9",
        "wTools": "0.7.26",
        "winstancing": "0.3.12"
      }
    }
  }
}
